
Microsoft Visual Studio Solution File, Format Version 12.00
# Visual Studio Version 16
VisualStudioVersion = 16.0.31829.152
MinimumVisualStudioVersion = 10.0.40219.1
Project("{8BC9CEB8-8B4A-11D0-8D11-00A0C91BC942}") = "ContainerManager", "ContainerManager\ContainerManager.vcxproj", "{1E79E313-50DD-4777-A892-55209B3C06ED}"
EndProject
Global
	GlobalSection(SolutionConfigurationPlatforms) = preSolution
		Debug|ARM = Debug|ARM
		Debug|ARM64 = Debug|ARM64
		Debug|x64 = Debug|x64
		Debug|x86 = Debug|x86
		Release|ARM = Release|ARM
		Release|ARM64 = Release|ARM64
		Release|x64 = Release|x64
		Release|x86 = Release|x86
	EndGlobalSection
	GlobalSection(ProjectConfigurationPlatforms) = postSolution
		{1E79E313-50DD-4777-A892-55209B3C06ED}.Debug|ARM.ActiveCfg = Debug|ARM
		{1E79E313-50DD-4777-A892-55209B3C06ED}.Debug|ARM.Build.0 = Debug|ARM
		{1E79E313-50DD-4777-A892-55209B3C06ED}.Debug|ARM.Deploy.0 = Debug|ARM
		{1E79E313-50DD-4777-A892-55209B3C06ED}.Debug|ARM64.ActiveCfg = Debug|ARM64
		{1E79E313-50DD-4777-A892-55209B3C06ED}.Debug|ARM64.Build.0 = Debug|ARM64
		{1E79E313-50DD-4777-A892-55209B3C06ED}.Debug|ARM64.Deploy.0 = Debug|ARM64
		{1E79E313-50DD-4777-A892-55209B3C06ED}.Debug|x64.ActiveCfg = Debug|x64
		{1E79E313-50DD-4777-A892-55209B3C06ED}.Debug|x64.Build.0 = Debug|x64
		{1E79E313-50DD-4777-A892-55209B3C06ED}.Debug|x64.Deploy.0 = Debug|x64
		{1E79E313-50DD-4777-A892-55209B3C06ED}.Debug|x86.ActiveCfg = Debug|x86
		{1E79E313-50DD-4777-A892-55209B3C06ED}.Debug|x86.Build.0 = Debug|x86
		{1E79E313-50DD-4777-A892-55209B3C06ED}.Debug|x86.Deploy.0 = Debug|x86
		{1E79E313-50DD-4777-A892-55209B3C06ED}.Release|ARM.ActiveCfg = Release|ARM
		{1E79E313-50DD-4777-A892-55209B3C06ED}.Release|ARM.Build.0 = Release|ARM
		{1E79E313-50DD-4777-A892-55209B3C06ED}.Release|ARM.Deploy.0 = Release|ARM
		{1E79E313-50DD-4777-A892-55209B3C06ED}.Release|ARM64.ActiveCfg = Release|ARM64
		{1E79E313-50DD-4777-A892-55209B3C06ED}.Release|ARM64.Build.0 = Release|ARM64
		{1E79E313-50DD-4777-A892-55209B3C06ED}.Release|ARM64.Deploy.0 = Release|ARM64
		{1E79E313-50DD-4777-A892-55209B3C06ED}.Release|x64.ActiveCfg = Release|x64
		{1E79E313-50DD-4777-A892-55209B3C06ED}.Release|x64.Build.0 = Release|x64
		{1E79E313-50DD-4777-A892-55209B3C06ED}.Release|x64.Deploy.0 = Release|x64
		{1E79E313-50DD-4777-A892-55209B3C06ED}.Release|x86.ActiveCfg = Release|x86
		{1E79E313-50DD-4777-A892-55209B3C06ED}.Release|x86.Build.0 = Release|x86
		{1E79E313-50DD-4777-A892-55209B3C06ED}.Release|x86.Deploy.0 = Release|x86
	EndGlobalSection
	GlobalSection(SolutionProperties) = preSolution
		HideSolutionNode = FALSE
	EndGlobalSection
	GlobalSection(ExtensibilityGlobals) = postSolution
		SolutionGuid = {CD44732B-732B-411C-807A-6BDD30F89CC9}
	EndGlobalSection
EndGlobal
